
Microsoft Visual Studio Solution File, Format Version 12.00
# Visual Studio Version 16
VisualStudioVersion = 16.0.30330.147
MinimumVisualStudioVersion = 10.0.40219.1
Project("{FAE04EC0-301F-11D3-BF4B-00C04F79EFBC}") = "Rood_4_Letterfrequenties", "Rood_4_Letterfrequenties\Rood_4_Letterfrequenties.csproj", "{CBEBFE7B-49B6-4BAE-B38C-5B3B45C67BA5}"
EndProject
Global
	GlobalSection(SolutionConfigurationPlatforms) = preSolution
		Debug|Any CPU = Debug|Any CPU
		Release|Any CPU = Release|Any CPU
	EndGlobalSection
	GlobalSection(ProjectConfigurationPlatforms) = postSolution
		{CBEBFE7B-49B6-4BAE-B38C-5B3B45C67BA5}.Debug|Any CPU.ActiveCfg = Debug|Any CPU
		{CBEBFE7B-49B6-4BAE-B38C-5B3B45C67BA5}.Debug|Any CPU.Build.0 = Debug|Any CPU
		{CBEBFE7B-49B6-4BAE-B38C-5B3B45C67BA5}.Release|Any CPU.ActiveCfg = Release|Any CPU
		{CBEBFE7B-49B6-4BAE-B38C-5B3B45C67BA5}.Release|Any CPU.Build.0 = Release|Any CPU
	EndGlobalSection
	GlobalSection(SolutionProperties) = preSolution
		HideSolutionNode = FALSE
	EndGlobalSection
	GlobalSection(ExtensibilityGlobals) = postSolution
		SolutionGuid = {378BC45D-FF30-49EA-856D-2DD150E73811}
	EndGlobalSection
EndGlobal
